// !$*UTF8*$!
{
	archiveVersion = 1;
	classes = {
	};
	objectVersion = 46;
	objects = {

/* Begin PBXBuildFile section */
		8DB7164A1C6E056600605B17 /* AppDelegate.swift in Sources */ = {isa = PBXBuildFile; fileRef = 8DB716491C6E056600605B17 /* AppDelegate.swift */; };
		8DB7164C1C6E056600605B17 /* ViewController.swift in Sources */ = {isa = PBXBuildFile; fileRef = 8DB7164B1C6E056600605B17 /* ViewController.swift */; };
		8DB7164F1C6E056600605B17 /* Main.storyboard in Resources */ = {isa = PBXBuildFile; fileRef = 8DB7164D1C6E056600605B17 /* Main.storyboard */; };
		8DB716511C6E056600605B17 /* Assets.xcassets in Resources */ = {isa = PBXBuildFile; fileRef = 8DB716501C6E056600605B17 /* Assets.xcassets */; };
		8DB716541C6E056600605B17 /* LaunchScreen.storyboard in Resources */ = {isa = PBXBuildFile; fileRef = 8DB716521C6E056600605B17 /* LaunchScreen.storyboard */; };
		8DB7165C1C6E0A0600605B17 /* Minecraft.ttf in Resources */ = {isa = PBXBuildFile; fileRef = 8DB7165B1C6E0A0600605B17 /* Minecraft.ttf */; };
		8DB7165E1C6E0AB200605B17 /* btn.wav in Resources */ = {isa = PBXBuildFile; fileRef = 8DB7165D1C6E0AB200605B17 /* btn.wav */; };
		8DB716641C6E1B0100605B17 /* minecraft-logo.png in Resources */ = {isa = PBXBuildFile; fileRef = 8DB716631C6E1B0100605B17 /* minecraft-logo.png */; };
		8DB716661C6F12D600605B17 /* 1581809.jpg in Resources */ = {isa = PBXBuildFile; fileRef = 8DB716651C6F12D600605B17 /* 1581809.jpg */; };
		8DB716681C72777400605B17 /* firstimages.jpeg in Resources */ = {isa = PBXBuildFile; fileRef = 8DB716671C72777400605B17 /* firstimages.jpeg */; };
/* End PBXBuildFile section */

/* Begin PBXFileReference section */
		8DB716461C6E056600605B17 /* Minecraft-Calculator.app */ = {isa = PBXFileReference; explicitFileType = wrapper.application; includeInIndex = 0; path = "Minecraft-Calculator.app"; sourceTree = BUILT_PRODUCTS_DIR; };
		8DB716491C6E056600605B17 /* AppDelegate.swift */ = {isa = PBXFileReference; lastKnownFileType = sourcecode.swift; path = AppDelegate.swift; sourceTree = "<group>"; };
		8DB7164B1C6E056600605B17 /* ViewController.swift */ = {isa = PBXFileReference; lastKnownFileType = sourcecode.swift; path = ViewController.swift; sourceTree = "<group>"; };
		8DB7164E1C6E056600605B17 /* Base */ = {isa = PBXFileReference; lastKnownFileType = file.storyboard; name = Base; path = Base.lproj/Main.storyboard; sourceTree = "<group>"; };
		8DB716501C6E056600605B17 /* Assets.xcassets */ = {isa = PBXFileReference; lastKnownFileType = folder.assetcatalog; path = Assets.xcassets; sourceTree = "<group>"; };
		8DB716531C6E056600605B17 /* Base */ = {isa = PBXFileReference; lastKnownFileType = file.storyboard; name = Base; path = Base.lproj/LaunchScreen.storyboard; sourceTree = "<group>"; };
		8DB716551C6E056600605B17 /* Info.plist */ = {isa = PBXFileReference; lastKnownFileType = text.plist.xml; path = Info.plist; sourceTree = "<group>"; };
		8DB7165B1C6E0A0600605B17 /* Minecraft.ttf */ = {isa = PBXFileReference; lastKnownFileType = file; path = Minecraft.ttf; sourceTree = "<group>"; };
		8DB7165D1C6E0AB200605B17 /* btn.wav */ = {isa = PBXFileReference; lastKnownFileType = audio.wav; path = btn.wav; sourceTree = "<group>"; };
		8DB716631C6E1B0100605B17 /* minecraft-logo.png */ = {isa = PBXFileReference; lastKnownFileType = image.png; path = "minecraft-logo.png"; sourceTree = "<group>"; };
		8DB716651C6F12D600605B17 /* 1581809.jpg */ = {isa = PBXFileReference; lastKnownFileType = image.jpeg; path = 1581809.jpg; sourceTree = "<group>"; };
		8DB716671C72777400605B17 /* firstimages.jpeg */ = {isa = PBXFileReference; lastKnownFileType = image.jpeg; path = firstimages.jpeg; sourceTree = "<group>"; };
/* End PBXFileReference section */

/* Begin PBXFrameworksBuildPhase section */
		8DB716431C6E056600605B17 /* Frameworks */ = {
			isa = PBXFrameworksBuildPhase;
			buildActionMask = 2147483647;
			files = (
			);
			runOnlyForDeploymentPostprocessing = 0;
		};
/* End PBXFrameworksBuildPhase section */

/* Begin PBXGroup section */
		8D01147C1D9D70B80088FCEA /* Frameworks */ = {
			isa = PBXGroup;
			children = (
			);
			path = Frameworks;
			sourceTree = "<group>";
		};
		8DB7163D1C6E056600605B17 = {
			isa = PBXGroup;
			children = (
				8DB716481C6E056600605B17 /* Minecraft-Calculator */,
				8DB716471C6E056600605B17 /* Products */,
				8DB7165B1C6E0A0600605B17 /* Minecraft.ttf */,
				8DB7165D1C6E0AB200605B17 /* btn.wav */,
				8DB716631C6E1B0100605B17 /* minecraft-logo.png */,
				8DB716651C6F12D600605B17 /* 1581809.jpg */,
				8DB716671C72777400605B17 /* firstimages.jpeg */,
			);
			sourceTree = "<group>";
		};
		8DB716471C6E056600605B17 /* Products */ = {
			isa = PBXGroup;
			children = (
				8DB716461C6E056600605B17 /* Minecraft-Calculator.app */,
			);
			name = Products;
			sourceTree = "<group>";
		};
		8DB716481C6E056600605B17 /* Minecraft-Calculator */ = {
			isa = PBXGroup;
			children = (
				8D01147C1D9D70B80088FCEA /* Frameworks */,
				8DB716491C6E056600605B17 /* AppDelegate.swift */,
				8DB7164B1C6E056600605B17 /* ViewController.swift */,
				8DB7164D1C6E056600605B17 /* Main.storyboard */,
				8DB716501C6E056600605B17 /* Assets.xcassets */,
				8DB716521C6E056600605B17 /* LaunchScreen.storyboard */,
				8DB716551C6E056600605B17 /* Info.plist */,
			);
			path = "Minecraft-Calculator";
			sourceTree = "<group>";
		};
/* End PBXGroup section */

/* Begin PBXNativeTarget section */
		8DB716451C6E056600605B17 /* Minecraft-Calculator */ = {
			isa = PBXNativeTarget;
			buildConfigurationList = 8DB716581C6E056600605B17 /* Build configuration list for PBXNativeTarget "Minecraft-Calculator" */;
			buildPhases = (
				8DB716421C6E056600605B17 /* Sources */,
				8DB716431C6E056600605B17 /* Frameworks */,
				8DB716441C6E056600605B17 /* Resources */,
			);
			buildRules = (
			);
			dependencies = (
			);
			name = "Minecraft-Calculator";
			productName = "Minecraft-Calculator";
			productReference = 8DB716461C6E056600605B17 /* Minecraft-Calculator.app */;
			productType = "com.apple.product-type.application";
		};
/* End PBXNativeTarget section */

/* Begin PBXProject section */
		8DB7163E1C6E056600605B17 /* Project object */ = {
			isa = PBXProject;
			attributes = {
				LastSwiftUpdateCheck = 0720;
				LastUpgradeCheck = 0820;
				ORGANIZATIONNAME = "iMoody Studios";
				TargetAttributes = {
					8DB716451C6E056600605B17 = {
						CreatedOnToolsVersion = 7.2.1;
						DevelopmentTeam = 33L2ZKF2XN;
						LastSwiftMigration = 0800;
					};
				};
			};
			buildConfigurationList = 8DB716411C6E056600605B17 /* Build configuration list for PBXProject "Minecraft-Calculator" */;
			compatibilityVersion = "Xcode 3.2";
			developmentRegion = English;
			hasScannedForEncodings = 0;
			knownRegions = (
				en,
				Base,
			);
			mainGroup = 8DB7163D1C6E056600605B17;
			productRefGroup = 8DB716471C6E056600605B17 /* Products */;
			projectDirPath = "";
			projectRoot = "";
			targets = (
				8DB716451C6E056600605B17 /* Minecraft-Calculator */,
			);
		};
/* End PBXProject section */

/* Begin PBXResourcesBuildPhase section */
		8DB716441C6E056600605B17 /* Resources */ = {
			isa = PBXResourcesBuildPhase;
			buildActionMask = 2147483647;
			files = (
				8DB716661C6F12D600605B17 /* 1581809.jpg in Resources */,
				8DB716641C6E1B0100605B17 /* minecraft-logo.png in Resources */,
				8DB7165E1C6E0AB200605B17 /* btn.wav in Resources */,
				8DB716541C6E056600605B17 /* LaunchScreen.storyboard in Resources */,
				8DB716511C6E056600605B17 /* Assets.xcassets in Resources */,
				8DB716681C72777400605B17 /* firstimages.jpeg in Resources */,
				8DB7165C1C6E0A0600605B17 /* Minecraft.ttf in Resources */,
				8DB7164F1C6E056600605B17 /* Main.storyboard in Resources */,
			);
			runOnlyForDeploymentPostprocessing = 0;
		};
/* End PBXResourcesBuildPhase section */

/* Begin PBXSourcesBuildPhase section */
		8DB716421C6E056600605B17 /* Sources */ = {
			isa = PBXSourcesBuildPhase;
			buildActionMask = 2147483647;
			files = (
				8DB7164C1C6E056600605B17 /* ViewController.swift in Sources */,
				8DB7164A1C6E056600605B17 /* AppDelegate.swift in Sources */,
			);
			runOnlyForDeploymentPostprocessing = 0;
		};
/* End PBXSourcesBuildPhase section */

/* Begin PBXVariantGroup section */
		8DB7164D1C6E056600605B17 /* Main.storyboard */ = {
			isa = PBXVariantGroup;
			children = (
				8DB7164E1C6E056600605B17 /* Base */,
			);
			name = Main.storyboard;
			sourceTree = "<group>";
		};
		8DB716521C6E056600605B17 /* LaunchScreen.storyboard */ = {
			isa = PBXVariantGroup;
			children = (
				8DB716531C6E056600605B17 /* Base */,
			);
			name = LaunchScreen.storyboard;
			sourceTree = "<group>";
		};
/* End PBXVariantGroup section */

/* Begin XCBuildConfiguration section */
		8DB716561C6E056600605B17 /* Debug */ = {
			isa = XCBuildConfiguration;
			buildSettings = {
				ALWAYS_SEARCH_USER_PATHS = NO;
				CLANG_CXX_LANGUAGE_STANDARD = "gnu++0x";
				CLANG_CXX_LIBRARY = "libc++";
				CLANG_ENABLE_MODULES = YES;
				CLANG_ENABLE_OBJC_ARC = YES;
				CLANG_WARN_BOOL_CONVERSION = YES;
				CLANG_WARN_CONSTANT_CONVERSION = YES;
				CLANG_WARN_DIRECT_OBJC_ISA_USAGE = YES_ERROR;
				CLANG_WARN_EMPTY_BODY = YES;
				CLANG_WARN_ENUM_CONVERSION = YES;
				CLANG_WARN_INFINITE_RECURSION = YES;
				CLANG_WARN_INT_CONVERSION = YES;
				CLANG_WARN_OBJC_ROOT_CLASS = YES_ERROR;
				CLANG_WARN_SUSPICIOUS_MOVE = YES;
				CLANG_WARN_UNREACHABLE_CODE = YES;
				CLANG_WARN__DUPLICATE_METHOD_MATCH = YES;
				"CODE_SIGN_IDENTITY[sdk=iphoneos*]" = "iPhone Developer";
				COPY_PHASE_STRIP = NO;
				DEBUG_INFORMATION_FORMAT = dwarf;
				ENABLE_STRICT_OBJC_MSGSEND = YES;
				ENABLE_TESTABILITY = YES;
				GCC_C_LANGUAGE_STANDARD = gnu99;
				GCC_DYNAMIC_NO_PIC = NO;
				GCC_NO_COMMON_BLOCKS = YES;
				GCC_OPTIMIZATION_LEVEL = 0;
				GCC_PREPROCESSOR_DEFINITIONS = (
					"DEBUG=1",
					"$(inherited)",
				);
				GCC_WARN_64_TO_32_BIT_CONVERSION = YES;
				GCC_WARN_ABOUT_RETURN_TYPE = YES_ERROR;
				GCC_WARN_UNDECLARED_SELECTOR = YES;
				GCC_WARN_UNINITIALIZED_AUTOS = YES_AGGRESSIVE;
				GCC_WARN_UNUSED_FUNCTION = YES;
				GCC_WARN_UNUSED_VARIABLE = YES;
				IPHONEOS_DEPLOYMENT_TARGET = 9.2;
				MTL_ENABLE_DEBUG_INFO = YES;
				ONLY_ACTIVE_ARCH = YES;
				SDKROOT = iphoneos;
				SWIFT_OPTIMIZATION_LEVEL = "-Onone";
				TARGETED_DEVICE_FAMILY = "1,2";
			};
			name = Debug;
		};
		8DB716571C6E056600605B17 /* Release */ = {
			isa = XCBuildConfiguration;
			buildSettings = {
				ALWAYS_SEARCH_USER_PATHS = NO;
				CLANG_CXX_LANGUAGE_STANDARD = "gnu++0x";
				CLANG_CXX_LIBRARY = "libc++";
				CLANG_ENABLE_MODULES = YES;
				CLANG_ENABLE_OBJC_ARC = YES;
				CLANG_WARN_BOOL_CONVERSION = YES;
				CLANG_WARN_CONSTANT_CONVERSION = YES;
				CLANG_WARN_DIRECT_OBJC_ISA_USAGE = YES_ERROR;
				CLANG_WARN_EMPTY_BODY = YES;
				CLANG_WARN_ENUM_CONVERSION = YES;
				CLANG_WARN_INFINITE_RECURSION = YES;
				CLANG_WARN_INT_CONVERSION = YES;
				CLANG_WARN_OBJC_ROOT_CLASS = YES_ERROR;
				CLANG_WARN_SUSPICIOUS_MOVE = YES;
				CLANG_WARN_UNREACHABLE_CODE = YES;
				CLANG_WARN__DUPLICATE_METHOD_MATCH = YES;
				"CODE_SIGN_IDENTITY[sdk=iphoneos*]" = "iPhone Developer";
				COPY_PHASE_STRIP = NO;
				DEBUG_INFORMATION_FORMAT = "dwarf-with-dsym";
				ENABLE_NS_ASSERTIONS = NO;
				ENABLE_STRICT_OBJC_MSGSEND = YES;
				GCC_C_LANGUAGE_STANDARD = gnu99;
				GCC_NO_COMMON_BLOCKS = YES;
				GCC_WARN_64_TO_32_BIT_CONVERSION = YES;
				GCC_WARN_ABOUT_RETURN_TYPE = YES_ERROR;
				GCC_WARN_UNDECLARED_SELECTOR = YES;
				GCC_WARN_UNINITIALIZED_AUTOS = YES_AGGRESSIVE;
				GCC_WARN_UNUSED_FUNCTION = YES;
				GCC_WARN_UNUSED_VARIABLE = YES;
				IPHONEOS_DEPLOYMENT_TARGET = 9.2;
				MTL_ENABLE_DEBUG_INFO = NO;
				SDKROOT = iphoneos;
				SWIFT_OPTIMIZATION_LEVEL = "-Owholemodule";
				TARGETED_DEVICE_FAMILY = "1,2";
				VALIDATE_PRODUCT = YES;
			};
			name = Release;
		};
		8DB716591C6E056600605B17 /* Debug */ = {
			isa = XCBuildConfiguration;
			buildSettings = {
				ASSETCATALOG_COMPILER_APPICON_NAME = AppIcon;
				INFOPLIST_FILE = "Minecraft-Calculator/Info.plist";
				LD_RUNPATH_SEARCH_PATHS = "$(inherited) @executable_path/Frameworks";
				PRODUCT_BUNDLE_IDENTIFIER = "com.iMoodyStuidos.Minecraft-Calculator";
				PRODUCT_NAME = "$(TARGET_NAME)";
				SWIFT_VERSION = 3.0;
			};
			name = Debug;
		};
		8DB7165A1C6E056600605B17 /* Release */ = {
			isa = XCBuildConfiguration;
			buildSettings = {
				ASSETCATALOG_COMPILER_APPICON_NAME = AppIcon;
				INFOPLIST_FILE = "Minecraft-Calculator/Info.plist";
				LD_RUNPATH_SEARCH_PATHS = "$(inherited) @executable_path/Frameworks";
				PRODUCT_BUNDLE_IDENTIFIER = "com.iMoodyStuidos.Minecraft-Calculator";
				PRODUCT_NAME = "$(TARGET_NAME)";
				SWIFT_VERSION = 3.0;
			};
			name = Release;
		};
/* End XCBuildConfiguration section */

/* Begin XCConfigurationList section */
		8DB716411C6E056600605B17 /* Build configuration list for PBXProject "Minecraft-Calculator" */ = {
			isa = XCConfigurationList;
			buildConfigurations = (
				8DB716561C6E056600605B17 /* Debug */,
				8DB716571C6E056600605B17 /* Release */,
			);
			defaultConfigurationIsVisible = 0;
			defaultConfigurationName = Release;
		};
		8DB716581C6E056600605B17 /* Build configuration list for PBXNativeTarget "Minecraft-Calculator" */ = {
			isa = XCConfigurationList;
			buildConfigurations = (
				8DB716591C6E056600605B17 /* Debug */,
				8DB7165A1C6E056600605B17 /* Release */,
			);
			defaultConfigurationIsVisible = 0;
			defaultConfigurationName = Release;
		};
/* End XCConfigurationList section */
	};
	rootObject = 8DB7163E1C6E056600605B17 /* Project object */;
}
